
Microsoft Visual Studio Solution File, Format Version 12.00
# Visual Studio Version 16
VisualStudioVersion = 16.0.29102.190
MinimumVisualStudioVersion = 10.0.40219.1
Project("{FAE04EC0-301F-11D3-BF4B-00C04F79EFBC}") = "EightPuzzleSolver", "EightPuzzleSolver\EightPuzzleSolver.csproj", "{3EA05DA0-DE55-447F-B2B9-3030CF84A714}"
EndProject
Global
	GlobalSection(SolutionConfigurationPlatforms) = preSolution
		Debug|Any CPU = Debug|Any CPU
		Release|Any CPU = Release|Any CPU
	EndGlobalSection
	GlobalSection(ProjectConfigurationPlatforms) = postSolution
		{3EA05DA0-DE55-447F-B2B9-3030CF84A714}.Debug|Any CPU.ActiveCfg = Debug|Any CPU
		{3EA05DA0-DE55-447F-B2B9-3030CF84A714}.Debug|Any CPU.Build.0 = Debug|Any CPU
		{3EA05DA0-DE55-447F-B2B9-3030CF84A714}.Release|Any CPU.ActiveCfg = Release|Any CPU
		{3EA05DA0-DE55-447F-B2B9-3030CF84A714}.Release|Any CPU.Build.0 = Release|Any CPU
	EndGlobalSection
	GlobalSection(SolutionProperties) = preSolution
		HideSolutionNode = FALSE
	EndGlobalSection
	GlobalSection(ExtensibilityGlobals) = postSolution
		SolutionGuid = {A1D2011C-1901-4FBC-865D-41B7A1FDFCFA}
	EndGlobalSection
EndGlobal
